
Microsoft Visual Studio Solution File, Format Version 12.00
# Visual Studio 14
VisualStudioVersion = 14.0.24720.0
MinimumVisualStudioVersion = 10.0.40219.1
Project("{2150E333-8FDC-42A3-9474-1A3956D46DE8}") = "src", "src", "{BDA52BC2-00C3-4011-BDC0-26D35F7A2B5D}"
EndProject
Project("{2150E333-8FDC-42A3-9474-1A3956D46DE8}") = "Solution Items", "Solution Items", "{8D16479B-E18A-4256-A25B-BDB141664FD3}"
	ProjectSection(SolutionItems) = preProject
		global.json = global.json
	EndProjectSection
EndProject
Project("{8BB2217D-0F2D-49D1-97BC-3654ED321F3B}") = "TodoApi", "src\TodoApi\TodoApi.xproj", "{F6E5FA61-14BF-4F80-BEA9-E6819F0DAC6E}"
EndProject
Global
	GlobalSection(SolutionConfigurationPlatforms) = preSolution
		Debug|Any CPU = Debug|Any CPU
		Release|Any CPU = Release|Any CPU
	EndGlobalSection
	GlobalSection(ProjectConfigurationPlatforms) = postSolution
		{F6E5FA61-14BF-4F80-BEA9-E6819F0DAC6E}.Debug|Any CPU.ActiveCfg = Debug|Any CPU
		{F6E5FA61-14BF-4F80-BEA9-E6819F0DAC6E}.Debug|Any CPU.Build.0 = Debug|Any CPU
		{F6E5FA61-14BF-4F80-BEA9-E6819F0DAC6E}.Release|Any CPU.ActiveCfg = Release|Any CPU
		{F6E5FA61-14BF-4F80-BEA9-E6819F0DAC6E}.Release|Any CPU.Build.0 = Release|Any CPU
	EndGlobalSection
	GlobalSection(SolutionProperties) = preSolution
		HideSolutionNode = FALSE
	EndGlobalSection
	GlobalSection(NestedProjects) = preSolution
		{F6E5FA61-14BF-4F80-BEA9-E6819F0DAC6E} = {BDA52BC2-00C3-4011-BDC0-26D35F7A2B5D}
	EndGlobalSection
EndGlobal
